{
  "name": "Smartquiz.me",
  "version": "1.0.0",
  "lockfileVersion": 1,
  "requires": true,
  "dependencies": {
    "commander": {
      "version": "5.1.0",
      "dev": true
    },
    "glob": {
      "version": "7.1.6",
      "dev": true,
      "requires": {
        "fs.realpath": "^1.0.0",
        "inflight": "^1.0.4",
        "inherits": "2",
        "minimatch": "^3.0.4",
        "once": "^1.3.0",
        "path-is-absolute": "^1.0.0"
      },
      "dependencies": {
        "balanced-match": {
          "version": "1.0.0",
          "bundled": true,
          "dev": true
        },
        "brace-expansion": {
          "version": "1.1.11",
          "bundled": true,
          "dev": true,
          "requires": {
            "balanced-match": "^1.0.0",
            "concat-map": "0.0.1"
          }
        },
        "concat-map": {
          "version": "0.0.1",
          "bundled": true,
          "dev": true
        },
        "fs.realpath": {
          "version": "1.0.0",
          "bundled": true,
          "dev": true
        },
        "inflight": {
          "version": "1.0.6",
          "bundled": true,
          "dev": true,
          "requires": {
            "once": "^1.3.0",
            "wrappy": "1"
          }
        },
        "inherits": {
          "version": "2.0.4",
          "bundled": true,
          "dev": true
        },
        "minimatch": {
          "version": "3.0.4",
          "bundled": true,
          "dev": true,
          "requires": {
            "brace-expansion": "^1.1.7"
          }
        },
        "once": {
          "version": "1.4.0",
          "bundled": true,
          "dev": true,
          "requires": {
            "wrappy": "1"
          }
        },
        "path-is-absolute": {
          "version": "1.0.1",
          "bundled": true,
          "dev": true
        },
        "wrappy": {
          "version": "1.0.2",
          "bundled": true,
          "dev": true
        }
      }
    },
    "postcss": {
      "version": "7.0.32",
      "dev": true,
      "requires": {
        "chalk": "^2.4.2",
        "source-map": "^0.6.1",
        "supports-color": "^6.1.0"
      },
      "dependencies": {
        "ansi-styles": {
          "version": "3.2.1",
          "bundled": true,
          "dev": true,
          "requires": {
            "color-convert": "^1.9.0"
          }
        },
        "chalk": {
          "version": "2.4.2",
          "bundled": true,
          "dev": true,
          "requires": {
            "ansi-styles": "^3.2.1",
            "escape-string-regexp": "^1.0.5",
            "supports-color": "^5.3.0"
          },
          "dependencies": {
            "supports-color": {
              "version": "5.5.0",
              "resolved": "https://registry.npmjs.org/supports-color/-/supports-color-5.5.0.tgz",
              "integrity": "sha512-QjVjwdXIt408MIiAqCX4oUKsgU2EqAGzs2Ppkm4aQYbjm+ZEWEcW4SfFNTr4uMNZma0ey4f5lgLrkB0aX0QMow==",
              "dev": true,
              "requires": {
                "has-flag": "^3.0.0"
              }
            }
          }
        },
        "color-convert": {
          "version": "1.9.3",
          "bundled": true,
          "dev": true,
          "requires": {
            "color-name": "1.1.3"
          }
        },
        "color-name": {
          "version": "1.1.3",
          "bundled": true,
          "dev": true
        },
        "escape-string-regexp": {
          "version": "1.0.5",
          "bundled": true,
          "dev": true
        },
        "has-flag": {
          "version": "3.0.0",
          "bundled": true,
          "dev": true
        },
        "source-map": {
          "version": "0.6.1",
          "bundled": true,
          "dev": true
        },
        "supports-color": {
          "version": "6.1.0",
          "bundled": true,
          "dev": true,
          "requires": {
            "has-flag": "^3.0.0"
          }
        }
      }
    },
    "postcss-selector-parser": {
      "version": "6.0.2",
      "dev": true,
      "requires": {
        "cssesc": "^3.0.0",
        "indexes-of": "^1.0.1",
        "uniq": "^1.0.1"
      },
      "dependencies": {
        "cssesc": {
          "version": "3.0.0",
          "bundled": true,
          "dev": true
        },
        "indexes-of": {
          "version": "1.0.1",
          "bundled": true,
          "dev": true
        },
        "uniq": {
          "version": "1.0.1",
          "bundled": true,
          "dev": true
        }
      }
    },
    "purgecss": {
      "version": "2.3.0",
      "resolved": "https://registry.npmjs.org/purgecss/-/purgecss-2.3.0.tgz",
      "integrity": "sha512-BE5CROfVGsx2XIhxGuZAT7rTH9lLeQx/6M0P7DTXQH4IUc3BBzs9JUzt4yzGf3JrH9enkeq6YJBe9CTtkm1WmQ==",
      "dev": true,
      "requires": {
        "commander": "^5.0.0",
        "glob": "^7.0.0",
        "postcss": "7.0.32",
        "postcss-selector-parser": "^6.0.2"
      }
    }
  }
}
